
Microsoft Visual Studio Solution File, Format Version 12.00
# Visual Studio 2013
VisualStudioVersion = 12.0.0.0
MinimumVisualStudioVersion = 10.0.0.1
Project("{FAE04EC0-301F-11D3-BF4B-00C04F79EFBC}") = "OptimizationDemo", "OptimizationDemo\OptimizationDemo.csproj", "{26CAE4F7-3D95-4212-B531-67898CA17A21}"
EndProject
Project("{FAE04EC0-301F-11D3-BF4B-00C04F79EFBC}") = "OptimizationLibrary", "OptimizationLibrary\OptimizationLibrary.csproj", "{55883266-5CE7-40EE-BF7B-3033277CD0EC}"
EndProject
Project("{FAE04EC0-301F-11D3-BF4B-00C04F79EFBC}") = "ReflectionLibrary", "ReflectionLibrary\ReflectionLibrary.csproj", "{40DD7B8C-B3D2-444F-A8F8-B8AD61EAB4CA}"
EndProject
Global
	GlobalSection(SolutionConfigurationPlatforms) = preSolution
		Debug|Any CPU = Debug|Any CPU
		Release|Any CPU = Release|Any CPU
	EndGlobalSection
	GlobalSection(ProjectConfigurationPlatforms) = postSolution
		{26CAE4F7-3D95-4212-B531-67898CA17A21}.Debug|Any CPU.ActiveCfg = Debug|Any CPU
		{26CAE4F7-3D95-4212-B531-67898CA17A21}.Debug|Any CPU.Build.0 = Debug|Any CPU
		{26CAE4F7-3D95-4212-B531-67898CA17A21}.Release|Any CPU.ActiveCfg = Release|Any CPU
		{26CAE4F7-3D95-4212-B531-67898CA17A21}.Release|Any CPU.Build.0 = Release|Any CPU
		{55883266-5CE7-40EE-BF7B-3033277CD0EC}.Debug|Any CPU.ActiveCfg = Debug|Any CPU
		{55883266-5CE7-40EE-BF7B-3033277CD0EC}.Debug|Any CPU.Build.0 = Debug|Any CPU
		{55883266-5CE7-40EE-BF7B-3033277CD0EC}.Release|Any CPU.ActiveCfg = Release|Any CPU
		{55883266-5CE7-40EE-BF7B-3033277CD0EC}.Release|Any CPU.Build.0 = Release|Any CPU
		{40DD7B8C-B3D2-444F-A8F8-B8AD61EAB4CA}.Debug|Any CPU.ActiveCfg = Debug|Any CPU
		{40DD7B8C-B3D2-444F-A8F8-B8AD61EAB4CA}.Debug|Any CPU.Build.0 = Debug|Any CPU
		{40DD7B8C-B3D2-444F-A8F8-B8AD61EAB4CA}.Release|Any CPU.ActiveCfg = Release|Any CPU
		{40DD7B8C-B3D2-444F-A8F8-B8AD61EAB4CA}.Release|Any CPU.Build.0 = Release|Any CPU
	EndGlobalSection
	GlobalSection(SolutionProperties) = preSolution
		HideSolutionNode = FALSE
	EndGlobalSection
EndGlobal
